
Microsoft Visual Studio Solution File, Format Version 12.00
# Visual Studio Version 17
VisualStudioVersion = 17.11.35431.28
MinimumVisualStudioVersion = 10.0.40219.1
Project("{8BC9CEB8-8B4A-11D0-8D11-00A0C91BC942}") = "Bomb", "Bomb.vcxproj", "{ED79F762-8032-426F-978E-266CE51A4C5A}"
EndProject
Global
	GlobalSection(SolutionConfigurationPlatforms) = preSolution
		Debug|x64 = Debug|x64
		Debug|x86 = Debug|x86
		Release|x64 = Release|x64
		Release|x86 = Release|x86
	EndGlobalSection
	GlobalSection(ProjectConfigurationPlatforms) = postSolution
		{ED79F762-8032-426F-978E-266CE51A4C5A}.Debug|x64.ActiveCfg = Debug|x64
		{ED79F762-8032-426F-978E-266CE51A4C5A}.Debug|x64.Build.0 = Debug|x64
		{ED79F762-8032-426F-978E-266CE51A4C5A}.Debug|x86.ActiveCfg = Debug|Win32
		{ED79F762-8032-426F-978E-266CE51A4C5A}.Debug|x86.Build.0 = Debug|Win32
		{ED79F762-8032-426F-978E-266CE51A4C5A}.Release|x64.ActiveCfg = Release|x64
		{ED79F762-8032-426F-978E-266CE51A4C5A}.Release|x64.Build.0 = Release|x64
		{ED79F762-8032-426F-978E-266CE51A4C5A}.Release|x86.ActiveCfg = Release|Win32
		{ED79F762-8032-426F-978E-266CE51A4C5A}.Release|x86.Build.0 = Release|Win32
	EndGlobalSection
	GlobalSection(SolutionProperties) = preSolution
		HideSolutionNode = FALSE
	EndGlobalSection
	GlobalSection(ExtensibilityGlobals) = postSolution
		SolutionGuid = {14CDCB93-D4CD-4926-932A-00F2F267A537}
	EndGlobalSection
EndGlobal
